{
    "_readme": [
        "This file locks the dependencies of your project to a known state",
        "Read more about it at https://getcomposer.org/doc/01-basic-usage.md#composer-lock-the-lock-file",
        "This file is @generated automatically"
    ],
    "hash": "036359fe151751ae30d1eec3130d90ad",
    "content-hash": "ff329fd4d1ee5c075e2792753e672131",
    "packages": [],
    "packages-dev": [
        {
            "name": "fzaninotto/faker",
            "version": "v1.3.0",
            "source": {
                "type": "git",
                "url": "https://github.com/fzaninotto/Faker.git",
                "reference": "1d143fd8caf4d264602450bc01d7484af788706b"
            },
            "dist": {
                "type": "zip",
                "url": "https://api.github.com/repos/fzaninotto/Faker/zipball/1d143fd8caf4d264602450bc01d7484af788706b",
                "reference": "1d143fd8caf4d264602450bc01d7484af788706b",
                "shasum": ""
            },
            "require": {
                "php": ">=5.3.3"
            },
            "type": "library",
            "extra": {
                "branch-alias": {
                    "dev-master": "1.3.0-dev"
                }
            },
            "autoload": {
                "psr-0": {
                    "Faker": "src/",
                    "Faker\\PHPUnit": "test/"
                }
            },
            "notification-url": "https://packagist.org/downloads/",
            "license": [
                "MIT"
            ],
            "authors": [
                {
                    "name": "François Zaninotto"
                }
            ],
            "description": "Faker is a PHP library that generates fake data for you.",
            "keywords": [
                "data",
                "faker",
                "fixtures"
            ],
            "time": "2013-12-16 21:56:48"
        },
        {
            "name": "hamcrest/hamcrest-php",
            "version": "v2.0.0",
            "source": {
                "type": "git",
                "url": "https://github.com/hamcrest/hamcrest-php.git",
                "reference": "776503d3a8e85d4f9a1148614f95b7a608b046ad"
            },
            "dist": {
                "type": "zip",
                "url": "https://api.github.com/repos/hamcrest/hamcrest-php/zipball/776503d3a8e85d4f9a1148614f95b7a608b046ad",
                "reference": "776503d3a8e85d4f9a1148614f95b7a608b046ad",
                "shasum": ""
            },
            "require": {
                "php": "^5.3|^7.0"
            },
            "replace": {
                "cordoval/hamcrest-php": "*",
                "davedevelopment/hamcrest-php": "*",
                "kodova/hamcrest-php": "*"
            },
            "require-dev": {
                "phpunit/php-file-iterator": "1.3.3",
                "phpunit/phpunit": "~4.0",
                "satooshi/php-coveralls": "^1.0"
            },
            "type": "library",
            "extra": {
                "branch-alias": {
                    "dev-master": "2.0-dev"
                }
            },
            "autoload": {
                "classmap": [
                    "hamcrest"
                ]
            },
            "notification-url": "https://packagist.org/downloads/",
            "license": [
                "BSD"
            ],
            "description": "This is the PHP port of Hamcrest Matchers",
            "keywords": [
                "test"
            ],
            "time": "2016-01-20 08:20:44"
        },
        {
            "name": "mockery/mockery",
            "version": "dev-master",
            "source": {
                "type": "git",
                "url": "https://github.com/padraic/mockery.git",
                "reference": "82af09a8ba58fd4a94a3f2dd52e8d8d7cff890e2"
            },
            "dist": {
                "type": "zip",
                "url": "https://api.github.com/repos/padraic/mockery/zipball/82af09a8ba58fd4a94a3f2dd52e8d8d7cff890e2",
                "reference": "82af09a8ba58fd4a94a3f2dd52e8d8d7cff890e2",
                "shasum": ""
            },
            "require": {
                "hamcrest/hamcrest-php": "~2.0",
                "lib-pcre": ">=7.0",
                "php": ">=5.4.0"
            },
            "require-dev": {
                "phpunit/phpunit": "~4.0"
            },
            "type": "library",
            "extra": {
                "branch-alias": {
                    "dev-master": "1.0.x-dev"
                }
            },
            "autoload": {
                "psr-0": {
                    "Mockery": "library/"
                }
            },
            "notification-url": "https://packagist.org/downloads/",
            "license": [
                "BSD-3-Clause"
            ],
            "authors": [
                {
                    "name": "Pádraic Brady",
                    "email": "padraic.brady@gmail.com",
                    "homepage": "http://blog.astrumfutura.com"
                },
                {
                    "name": "Dave Marshall",
                    "email": "dave.marshall@atstsolutions.co.uk",
                    "homepage": "http://davedevelopment.co.uk"
                }
            ],
            "description": "Mockery is a simple yet flexible PHP mock object framework for use in unit testing with PHPUnit, PHPSpec or any other testing framework. Its core goal is to offer a test double framework with a succinct API capable of clearly defining all possible object operations and interactions using a human readable Domain Specific Language (DSL). Designed as a drop in alternative to PHPUnit's phpunit-mock-objects library, Mockery is easy to integrate with PHPUnit and can operate alongside phpunit-mock-objects without the World ending.",
            "homepage": "http://github.com/padraic/mockery",
            "keywords": [
                "BDD",
                "TDD",
                "library",
                "mock",
                "mock objects",
                "mockery",
                "stub",
                "test",
                "test double",
                "testing"
            ],
            "time": "2016-10-04 08:20:51"
        },
        {
            "name": "prewk/xml-faker",
            "version": "0.0.2",
            "source": {
                "type": "git",
                "url": "https://github.com/prewk/xml-faker.git",
                "reference": "212b31fd0bafa500f688d632329355d5a4dd6113"
            },
            "dist": {
                "type": "zip",
                "url": "https://api.github.com/repos/prewk/xml-faker/zipball/212b31fd0bafa500f688d632329355d5a4dd6113",
                "reference": "212b31fd0bafa500f688d632329355d5a4dd6113",
                "shasum": ""
            },
            "require": {
                "fzaninotto/faker": "v1.3.0",
                "php": ">=5.3.0"
            },
            "type": "library",
            "autoload": {
                "psr-4": {
                    "Prewk\\": "src"
                }
            },
            "notification-url": "https://packagist.org/downloads/",
            "license": [
                "MIT"
            ],
            "authors": [
                {
                    "name": "prewk",
                    "email": "oskar.thornblad@gmail.com"
                }
            ],
            "description": "Create random XML with the help of fzaniotto/Faker.",
            "homepage": "https://github.com/prewk/xml-faker",
            "time": "2014-04-27 16:49:53"
        }
    ],
    "aliases": [],
    "minimum-stability": "stable",
    "stability-flags": {
        "mockery/mockery": 20
    },
    "prefer-stable": false,
    "prefer-lowest": false,
    "platform": {
        "php": ">=5.3.0"
    },
    "platform-dev": []
}
